
Microsoft Visual Studio Solution File, Format Version 12.00
# Visual Studio Version 16
VisualStudioVersion = 16.0.32002.261
MinimumVisualStudioVersion = 10.0.40219.1
Project("{2150E333-8FDC-42A3-9474-1A3956D46DE8}") = "Services", "Services", "{AD5F7DE2-AE4F-4ADB-A667-1937EF974618}"
EndProject
Project("{2150E333-8FDC-42A3-9474-1A3956D46DE8}") = "Catalog", "Catalog", "{6F9D5A14-D819-4222-AA0E-5943E5B6A614}"
EndProject
Project("{9A19103F-16F7-4668-BE54-9A1E7A4F7556}") = "Catalog.API", "Services\Catalog\Catalog.API\Catalog.API.csproj", "{89BBBB7D-7734-4A8B-A218-458C36849535}"
EndProject
Project("{E53339B2-1760-4266-BCC7-CA923CBCF16C}") = "docker-compose", "docker-compose.dcproj", "{4848E10F-4803-4674-A3A7-FE441C70B368}"
EndProject
Project("{2150E333-8FDC-42A3-9474-1A3956D46DE8}") = "Basket", "Basket", "{631B40AF-CDB7-4B67-BBCE-1EA77253EB78}"
EndProject
Project("{9A19103F-16F7-4668-BE54-9A1E7A4F7556}") = "Basket.API", "Services\Basket\Basket.API\Basket.API.csproj", "{9A581070-10DF-40EE-982D-55A2FF109D7A}"
EndProject
Project("{2150E333-8FDC-42A3-9474-1A3956D46DE8}") = "Discount", "Discount", "{162013E5-1835-4315-97C2-16BC0A85D06C}"
EndProject
Project("{9A19103F-16F7-4668-BE54-9A1E7A4F7556}") = "Discount.API", "Services\Discount\Discount.API\Discount.API.csproj", "{1996E081-802E-4006-9BE1-028892C8630D}"
EndProject
Project("{9A19103F-16F7-4668-BE54-9A1E7A4F7556}") = "Discount.Grpc", "Services\Discount\Discount.Grpc\Discount.Grpc.csproj", "{40ECB5E7-A3A0-47A2-8F42-3CD6EA6332FF}"
EndProject
Project("{2150E333-8FDC-42A3-9474-1A3956D46DE8}") = "Ordering", "Ordering", "{797F45FE-E02F-4D23-A519-D90733D7E501}"
EndProject
Project("{9A19103F-16F7-4668-BE54-9A1E7A4F7556}") = "Ordering.API", "Services\Ordering\Ordering.API\Ordering.API.csproj", "{F3A3A4EA-5A92-4F31-A7E8-E17880844F6A}"
EndProject
Project("{9A19103F-16F7-4668-BE54-9A1E7A4F7556}") = "Ordering.Domain", "Services\Ordering\Ordering.Domain\Ordering.Domain.csproj", "{32224A0C-5785-4F79-ADB9-C033CEB8E865}"
EndProject
Project("{9A19103F-16F7-4668-BE54-9A1E7A4F7556}") = "Ordering.Application", "Services\Ordering\Ordering.Application\Ordering.Application.csproj", "{F8483AED-4AE8-423F-B553-6BCE41CE2529}"
EndProject
Project("{9A19103F-16F7-4668-BE54-9A1E7A4F7556}") = "Ordering.Infrastructure", "Services\Ordering\Ordering.Infrastructure\Ordering.Infrastructure.csproj", "{7ACB0457-D202-4F8D-8AB7-2C5F294FB3FD}"
EndProject
Project("{2150E333-8FDC-42A3-9474-1A3956D46DE8}") = "BuildingBlocks", "BuildingBlocks", "{8EFF57AF-D1DC-41D5-ADEB-E644ED9B5942}"
EndProject
Project("{FAE04EC0-301F-11D3-BF4B-00C04F79EFBC}") = "EventBus.Messages", "BuildingBlocks\EventBus.Messages\EventBus.Messages.csproj", "{D270A3C3-2F7A-4988-B657-91B15EADF320}"
EndProject
Global
	GlobalSection(SolutionConfigurationPlatforms) = preSolution
		Debug|Any CPU = Debug|Any CPU
		Release|Any CPU = Release|Any CPU
	EndGlobalSection
	GlobalSection(ProjectConfigurationPlatforms) = postSolution
		{89BBBB7D-7734-4A8B-A218-458C36849535}.Debug|Any CPU.ActiveCfg = Debug|Any CPU
		{89BBBB7D-7734-4A8B-A218-458C36849535}.Debug|Any CPU.Build.0 = Debug|Any CPU
		{89BBBB7D-7734-4A8B-A218-458C36849535}.Release|Any CPU.ActiveCfg = Release|Any CPU
		{89BBBB7D-7734-4A8B-A218-458C36849535}.Release|Any CPU.Build.0 = Release|Any CPU
		{4848E10F-4803-4674-A3A7-FE441C70B368}.Debug|Any CPU.ActiveCfg = Debug|Any CPU
		{4848E10F-4803-4674-A3A7-FE441C70B368}.Debug|Any CPU.Build.0 = Debug|Any CPU
		{4848E10F-4803-4674-A3A7-FE441C70B368}.Release|Any CPU.ActiveCfg = Release|Any CPU
		{4848E10F-4803-4674-A3A7-FE441C70B368}.Release|Any CPU.Build.0 = Release|Any CPU
		{9A581070-10DF-40EE-982D-55A2FF109D7A}.Debug|Any CPU.ActiveCfg = Debug|Any CPU
		{9A581070-10DF-40EE-982D-55A2FF109D7A}.Debug|Any CPU.Build.0 = Debug|Any CPU
		{9A581070-10DF-40EE-982D-55A2FF109D7A}.Release|Any CPU.ActiveCfg = Release|Any CPU
		{9A581070-10DF-40EE-982D-55A2FF109D7A}.Release|Any CPU.Build.0 = Release|Any CPU
		{1996E081-802E-4006-9BE1-028892C8630D}.Debug|Any CPU.ActiveCfg = Debug|Any CPU
		{1996E081-802E-4006-9BE1-028892C8630D}.Debug|Any CPU.Build.0 = Debug|Any CPU
		{1996E081-802E-4006-9BE1-028892C8630D}.Release|Any CPU.ActiveCfg = Release|Any CPU
		{1996E081-802E-4006-9BE1-028892C8630D}.Release|Any CPU.Build.0 = Release|Any CPU
		{40ECB5E7-A3A0-47A2-8F42-3CD6EA6332FF}.Debug|Any CPU.ActiveCfg = Debug|Any CPU
		{40ECB5E7-A3A0-47A2-8F42-3CD6EA6332FF}.Debug|Any CPU.Build.0 = Debug|Any CPU
		{40ECB5E7-A3A0-47A2-8F42-3CD6EA6332FF}.Release|Any CPU.ActiveCfg = Release|Any CPU
		{40ECB5E7-A3A0-47A2-8F42-3CD6EA6332FF}.Release|Any CPU.Build.0 = Release|Any CPU
		{F3A3A4EA-5A92-4F31-A7E8-E17880844F6A}.Debug|Any CPU.ActiveCfg = Debug|Any CPU
		{F3A3A4EA-5A92-4F31-A7E8-E17880844F6A}.Debug|Any CPU.Build.0 = Debug|Any CPU
		{F3A3A4EA-5A92-4F31-A7E8-E17880844F6A}.Release|Any CPU.ActiveCfg = Release|Any CPU
		{F3A3A4EA-5A92-4F31-A7E8-E17880844F6A}.Release|Any CPU.Build.0 = Release|Any CPU
		{32224A0C-5785-4F79-ADB9-C033CEB8E865}.Debug|Any CPU.ActiveCfg = Debug|Any CPU
		{32224A0C-5785-4F79-ADB9-C033CEB8E865}.Debug|Any CPU.Build.0 = Debug|Any CPU
		{32224A0C-5785-4F79-ADB9-C033CEB8E865}.Release|Any CPU.ActiveCfg = Release|Any CPU
		{32224A0C-5785-4F79-ADB9-C033CEB8E865}.Release|Any CPU.Build.0 = Release|Any CPU
		{F8483AED-4AE8-423F-B553-6BCE41CE2529}.Debug|Any CPU.ActiveCfg = Debug|Any CPU
		{F8483AED-4AE8-423F-B553-6BCE41CE2529}.Debug|Any CPU.Build.0 = Debug|Any CPU
		{F8483AED-4AE8-423F-B553-6BCE41CE2529}.Release|Any CPU.ActiveCfg = Release|Any CPU
		{F8483AED-4AE8-423F-B553-6BCE41CE2529}.Release|Any CPU.Build.0 = Release|Any CPU
		{7ACB0457-D202-4F8D-8AB7-2C5F294FB3FD}.Debug|Any CPU.ActiveCfg = Debug|Any CPU
		{7ACB0457-D202-4F8D-8AB7-2C5F294FB3FD}.Debug|Any CPU.Build.0 = Debug|Any CPU
		{7ACB0457-D202-4F8D-8AB7-2C5F294FB3FD}.Release|Any CPU.ActiveCfg = Release|Any CPU
		{7ACB0457-D202-4F8D-8AB7-2C5F294FB3FD}.Release|Any CPU.Build.0 = Release|Any CPU
		{D270A3C3-2F7A-4988-B657-91B15EADF320}.Debug|Any CPU.ActiveCfg = Debug|Any CPU
		{D270A3C3-2F7A-4988-B657-91B15EADF320}.Debug|Any CPU.Build.0 = Debug|Any CPU
		{D270A3C3-2F7A-4988-B657-91B15EADF320}.Release|Any CPU.ActiveCfg = Release|Any CPU
		{D270A3C3-2F7A-4988-B657-91B15EADF320}.Release|Any CPU.Build.0 = Release|Any CPU
	EndGlobalSection
	GlobalSection(SolutionProperties) = preSolution
		HideSolutionNode = FALSE
	EndGlobalSection
	GlobalSection(NestedProjects) = preSolution
		{6F9D5A14-D819-4222-AA0E-5943E5B6A614} = {AD5F7DE2-AE4F-4ADB-A667-1937EF974618}
		{89BBBB7D-7734-4A8B-A218-458C36849535} = {6F9D5A14-D819-4222-AA0E-5943E5B6A614}
		{631B40AF-CDB7-4B67-BBCE-1EA77253EB78} = {AD5F7DE2-AE4F-4ADB-A667-1937EF974618}
		{9A581070-10DF-40EE-982D-55A2FF109D7A} = {631B40AF-CDB7-4B67-BBCE-1EA77253EB78}
		{162013E5-1835-4315-97C2-16BC0A85D06C} = {AD5F7DE2-AE4F-4ADB-A667-1937EF974618}
		{1996E081-802E-4006-9BE1-028892C8630D} = {162013E5-1835-4315-97C2-16BC0A85D06C}
		{40ECB5E7-A3A0-47A2-8F42-3CD6EA6332FF} = {162013E5-1835-4315-97C2-16BC0A85D06C}
		{797F45FE-E02F-4D23-A519-D90733D7E501} = {AD5F7DE2-AE4F-4ADB-A667-1937EF974618}
		{F3A3A4EA-5A92-4F31-A7E8-E17880844F6A} = {797F45FE-E02F-4D23-A519-D90733D7E501}
		{32224A0C-5785-4F79-ADB9-C033CEB8E865} = {797F45FE-E02F-4D23-A519-D90733D7E501}
		{F8483AED-4AE8-423F-B553-6BCE41CE2529} = {797F45FE-E02F-4D23-A519-D90733D7E501}
		{7ACB0457-D202-4F8D-8AB7-2C5F294FB3FD} = {797F45FE-E02F-4D23-A519-D90733D7E501}
		{D270A3C3-2F7A-4988-B657-91B15EADF320} = {8EFF57AF-D1DC-41D5-ADEB-E644ED9B5942}
	EndGlobalSection
	GlobalSection(ExtensibilityGlobals) = postSolution
		SolutionGuid = {9958F88A-C91D-422D-8F63-9C8B974F3D51}
	EndGlobalSection
EndGlobal
